
Microsoft Visual Studio Solution File, Format Version 12.00
# Visual Studio Version 16
VisualStudioVersion = 16.0.31727.386
MinimumVisualStudioVersion = 10.0.40219.1
Project("{9A19103F-16F7-4668-BE54-9A1E7A4F7556}") = "ELO.Leaderboard", "ELO.Leaderboard.csproj", "{92C0629C-2F68-4A70-962D-9D68FEBF42B3}"
EndProject
Project("{FAE04EC0-301F-11D3-BF4B-00C04F79EFBC}") = "ELO.Leaderboard.Test", "..\ELO.Leaderboard.Test\ELO.Leaderboard.Test.csproj", "{F4B56218-054B-4E71-8FA2-67E2A3B4EF83}"
EndProject
Global
	GlobalSection(SolutionConfigurationPlatforms) = preSolution
		Debug|Any CPU = Debug|Any CPU
		Release|Any CPU = Release|Any CPU
	EndGlobalSection
	GlobalSection(ProjectConfigurationPlatforms) = postSolution
		{92C0629C-2F68-4A70-962D-9D68FEBF42B3}.Debug|Any CPU.ActiveCfg = Debug|Any CPU
		{92C0629C-2F68-4A70-962D-9D68FEBF42B3}.Debug|Any CPU.Build.0 = Debug|Any CPU
		{92C0629C-2F68-4A70-962D-9D68FEBF42B3}.Release|Any CPU.ActiveCfg = Release|Any CPU
		{92C0629C-2F68-4A70-962D-9D68FEBF42B3}.Release|Any CPU.Build.0 = Release|Any CPU
		{F4B56218-054B-4E71-8FA2-67E2A3B4EF83}.Debug|Any CPU.ActiveCfg = Debug|Any CPU
		{F4B56218-054B-4E71-8FA2-67E2A3B4EF83}.Debug|Any CPU.Build.0 = Debug|Any CPU
		{F4B56218-054B-4E71-8FA2-67E2A3B4EF83}.Release|Any CPU.ActiveCfg = Release|Any CPU
		{F4B56218-054B-4E71-8FA2-67E2A3B4EF83}.Release|Any CPU.Build.0 = Release|Any CPU
	EndGlobalSection
	GlobalSection(SolutionProperties) = preSolution
		HideSolutionNode = FALSE
	EndGlobalSection
	GlobalSection(ExtensibilityGlobals) = postSolution
		SolutionGuid = {B68C8D3A-E8DD-4C39-84D1-987EC8E2D73E}
	EndGlobalSection
EndGlobal
